
Microsoft Visual Studio Solution File, Format Version 12.00
# Visual Studio Version 16
VisualStudioVersion = 16.0.29613.14
MinimumVisualStudioVersion = 10.0.40219.1
Project("{9A19103F-16F7-4668-BE54-9A1E7A4F7556}") = "Lytrax.AFM", "Lytrax.AFM\Lytrax.AFM.csproj", "{D1DF7D32-FC0E-4EF1-8B5A-6ADDDE459997}"
EndProject
Project("{9A19103F-16F7-4668-BE54-9A1E7A4F7556}") = "Lytrax.AFM.Demo", "Lytrax.AFM.Demo\Lytrax.AFM.Demo.csproj", "{2154C49F-9745-41D7-A829-95704060B18E}"
EndProject
Project("{9A19103F-16F7-4668-BE54-9A1E7A4F7556}") = "Lytrax.AFM.Tests", "Lytrax.AFM.Tests\Lytrax.AFM.Tests.csproj", "{3D1DD03D-2551-412A-842B-F63506B2E991}"
EndProject
Project("{2150E333-8FDC-42A3-9474-1A3956D46DE8}") = "Solution Items", "Solution Items", "{0DD2268A-24CB-4A70-B839-99BBA92E560A}"
EndProject
Global
	GlobalSection(SolutionConfigurationPlatforms) = preSolution
		Debug|Any CPU = Debug|Any CPU
		Release|Any CPU = Release|Any CPU
	EndGlobalSection
	GlobalSection(ProjectConfigurationPlatforms) = postSolution
		{D1DF7D32-FC0E-4EF1-8B5A-6ADDDE459997}.Debug|Any CPU.ActiveCfg = Debug|Any CPU
		{D1DF7D32-FC0E-4EF1-8B5A-6ADDDE459997}.Debug|Any CPU.Build.0 = Debug|Any CPU
		{D1DF7D32-FC0E-4EF1-8B5A-6ADDDE459997}.Release|Any CPU.ActiveCfg = Release|Any CPU
		{D1DF7D32-FC0E-4EF1-8B5A-6ADDDE459997}.Release|Any CPU.Build.0 = Release|Any CPU
		{2154C49F-9745-41D7-A829-95704060B18E}.Debug|Any CPU.ActiveCfg = Debug|Any CPU
		{2154C49F-9745-41D7-A829-95704060B18E}.Debug|Any CPU.Build.0 = Debug|Any CPU
		{2154C49F-9745-41D7-A829-95704060B18E}.Release|Any CPU.ActiveCfg = Release|Any CPU
		{2154C49F-9745-41D7-A829-95704060B18E}.Release|Any CPU.Build.0 = Release|Any CPU
		{3D1DD03D-2551-412A-842B-F63506B2E991}.Debug|Any CPU.ActiveCfg = Debug|Any CPU
		{3D1DD03D-2551-412A-842B-F63506B2E991}.Debug|Any CPU.Build.0 = Debug|Any CPU
		{3D1DD03D-2551-412A-842B-F63506B2E991}.Release|Any CPU.ActiveCfg = Release|Any CPU
		{3D1DD03D-2551-412A-842B-F63506B2E991}.Release|Any CPU.Build.0 = Release|Any CPU
	EndGlobalSection
	GlobalSection(SolutionProperties) = preSolution
		HideSolutionNode = FALSE
	EndGlobalSection
	GlobalSection(ExtensibilityGlobals) = postSolution
		SolutionGuid = {56EAB2F8-E124-475B-9E9E-A37F6D45B307}
	EndGlobalSection
EndGlobal
